// !$*UTF8*$!
{
	archiveVersion = 1;
	classes = {
	};
	objectVersion = 46;
	objects = {

/* Begin PBXBuildFile section */
		16A3FDA71C3263D300CCA0ED /* main.m in Sources */ = {isa = PBXBuildFile; fileRef = 16A3FDA61C3263D300CCA0ED /* main.m */; };
		16A3FDAA1C3263D300CCA0ED /* AppDelegate.m in Sources */ = {isa = PBXBuildFile; fileRef = 16A3FDA91C3263D300CCA0ED /* AppDelegate.m */; };
		16A3FDAD1C3263D300CCA0ED /* ViewController.m in Sources */ = {isa = PBXBuildFile; fileRef = 16A3FDAC1C3263D300CCA0ED /* ViewController.m */; };
		16A3FDB01C3263D300CCA0ED /* Main.storyboard in Resources */ = {isa = PBXBuildFile; fileRef = 16A3FDAE1C3263D300CCA0ED /* Main.storyboard */; };
		16A3FDB21C3263D300CCA0ED /* Assets.xcassets in Resources */ = {isa = PBXBuildFile; fileRef = 16A3FDB11C3263D300CCA0ED /* Assets.xcassets */; };
		16A3FDB51C3263D300CCA0ED /* LaunchScreen.storyboard in Resources */ = {isa = PBXBuildFile; fileRef = 16A3FDB31C3263D300CCA0ED /* LaunchScreen.storyboard */; };
		16A3FDC01C3263D300CCA0ED /* happybubbleTests.m in Sources */ = {isa = PBXBuildFile; fileRef = 16A3FDBF1C3263D300CCA0ED /* happybubbleTests.m */; };
		16A3FDCB1C3263D300CCA0ED /* happybubbleUITests.m in Sources */ = {isa = PBXBuildFile; fileRef = 16A3FDCA1C3263D300CCA0ED /* happybubbleUITests.m */; };
		16A3FDDA1C3268B400CCA0ED /* Bubble.m in Sources */ = {isa = PBXBuildFile; fileRef = 16A3FDD91C3268B400CCA0ED /* Bubble.m */; };
/* End PBXBuildFile section */

/* Begin PBXContainerItemProxy section */
		16A3FDBC1C3263D300CCA0ED /* PBXContainerItemProxy */ = {
			isa = PBXContainerItemProxy;
			containerPortal = 16A3FD9A1C3263D300CCA0ED /* Project object */;
			proxyType = 1;
			remoteGlobalIDString = 16A3FDA11C3263D300CCA0ED;
			remoteInfo = happybubble;
		};
		16A3FDC71C3263D300CCA0ED /* PBXContainerItemProxy */ = {
			isa = PBXContainerItemProxy;
			containerPortal = 16A3FD9A1C3263D300CCA0ED /* Project object */;
			proxyType = 1;
			remoteGlobalIDString = 16A3FDA11C3263D300CCA0ED;
			remoteInfo = happybubble;
		};
/* End PBXContainerItemProxy section */

/* Begin PBXFileReference section */
		16A3FDA21C3263D300CCA0ED /* happybubble.app */ = {isa = PBXFileReference; explicitFileType = wrapper.application; includeInIndex = 0; path = happybubble.app; sourceTree = BUILT_PRODUCTS_DIR; };
		16A3FDA61C3263D300CCA0ED /* main.m */ = {isa = PBXFileReference; lastKnownFileType = sourcecode.c.objc; path = main.m; sourceTree = "<group>"; };
		16A3FDA81C3263D300CCA0ED /* AppDelegate.h */ = {isa = PBXFileReference; lastKnownFileType = sourcecode.c.h; path = AppDelegate.h; sourceTree = "<group>"; };
		16A3FDA91C3263D300CCA0ED /* AppDelegate.m */ = {isa = PBXFileReference; lastKnownFileType = sourcecode.c.objc; path = AppDelegate.m; sourceTree = "<group>"; };
		16A3FDAB1C3263D300CCA0ED /* ViewController.h */ = {isa = PBXFileReference; lastKnownFileType = sourcecode.c.h; path = ViewController.h; sourceTree = "<group>"; };
		16A3FDAC1C3263D300CCA0ED /* ViewController.m */ = {isa = PBXFileReference; lastKnownFileType = sourcecode.c.objc; path = ViewController.m; sourceTree = "<group>"; };
		16A3FDAF1C3263D300CCA0ED /* Base */ = {isa = PBXFileReference; lastKnownFileType = file.storyboard; name = Base; path = Base.lproj/Main.storyboard; sourceTree = "<group>"; };
		16A3FDB11C3263D300CCA0ED /* Assets.xcassets */ = {isa = PBXFileReference; lastKnownFileType = folder.assetcatalog; path = Assets.xcassets; sourceTree = "<group>"; };
		16A3FDB41C3263D300CCA0ED /* Base */ = {isa = PBXFileReference; lastKnownFileType = file.storyboard; name = Base; path = Base.lproj/LaunchScreen.storyboard; sourceTree = "<group>"; };
		16A3FDB61C3263D300CCA0ED /* Info.plist */ = {isa = PBXFileReference; lastKnownFileType = text.plist.xml; path = Info.plist; sourceTree = "<group>"; };
		16A3FDBB1C3263D300CCA0ED /* happybubbleTests.xctest */ = {isa = PBXFileReference; explicitFileType = wrapper.cfbundle; includeInIndex = 0; path = happybubbleTests.xctest; sourceTree = BUILT_PRODUCTS_DIR; };
		16A3FDBF1C3263D300CCA0ED /* happybubbleTests.m */ = {isa = PBXFileReference; lastKnownFileType = sourcecode.c.objc; path = happybubbleTests.m; sourceTree = "<group>"; };
		16A3FDC11C3263D300CCA0ED /* Info.plist */ = {isa = PBXFileReference; lastKnownFileType = text.plist.xml; path = Info.plist; sourceTree = "<group>"; };
		16A3FDC61C3263D300CCA0ED /* happybubbleUITests.xctest */ = {isa = PBXFileReference; explicitFileType = wrapper.cfbundle; includeInIndex = 0; path = happybubbleUITests.xctest; sourceTree = BUILT_PRODUCTS_DIR; };
		16A3FDCA1C3263D300CCA0ED /* happybubbleUITests.m */ = {isa = PBXFileReference; lastKnownFileType = sourcecode.c.objc; path = happybubbleUITests.m; sourceTree = "<group>"; };
		16A3FDCC1C3263D300CCA0ED /* Info.plist */ = {isa = PBXFileReference; lastKnownFileType = text.plist.xml; path = Info.plist; sourceTree = "<group>"; };
		16A3FDD81C3268B400CCA0ED /* Bubble.h */ = {isa = PBXFileReference; fileEncoding = 4; lastKnownFileType = sourcecode.c.h; path = Bubble.h; sourceTree = "<group>"; };
		16A3FDD91C3268B400CCA0ED /* Bubble.m */ = {isa = PBXFileReference; fileEncoding = 4; lastKnownFileType = sourcecode.c.objc; path = Bubble.m; sourceTree = "<group>"; };
/* End PBXFileReference section */

/* Begin PBXFrameworksBuildPhase section */
		16A3FD9F1C3263D300CCA0ED /* Frameworks */ = {
			isa = PBXFrameworksBuildPhase;
			buildActionMask = 2147483647;
			files = (
			);
			runOnlyForDeploymentPostprocessing = 0;
		};
		16A3FDB81C3263D300CCA0ED /* Frameworks */ = {
			isa = PBXFrameworksBuildPhase;
			buildActionMask = 2147483647;
			files = (
			);
			runOnlyForDeploymentPostprocessing = 0;
		};
		16A3FDC31C3263D300CCA0ED /* Frameworks */ = {
			isa = PBXFrameworksBuildPhase;
			buildActionMask = 2147483647;
			files = (
			);
			runOnlyForDeploymentPostprocessing = 0;
		};
/* End PBXFrameworksBuildPhase section */

/* Begin PBXGroup section */
		16A3FD991C3263D300CCA0ED = {
			isa = PBXGroup;
			children = (
				16A3FDA41C3263D300CCA0ED /* happybubble */,
				16A3FDBE1C3263D300CCA0ED /* happybubbleTests */,
				16A3FDC91C3263D300CCA0ED /* happybubbleUITests */,
				16A3FDA31C3263D300CCA0ED /* Products */,
			);
			sourceTree = "<group>";
		};
		16A3FDA31C3263D300CCA0ED /* Products */ = {
			isa = PBXGroup;
			children = (
				16A3FDA21C3263D300CCA0ED /* happybubble.app */,
				16A3FDBB1C3263D300CCA0ED /* happybubbleTests.xctest */,
				16A3FDC61C3263D300CCA0ED /* happybubbleUITests.xctest */,
			);
			name = Products;
			sourceTree = "<group>";
		};
		16A3FDA41C3263D300CCA0ED /* happybubble */ = {
			isa = PBXGroup;
			children = (
				16A3FDA81C3263D300CCA0ED /* AppDelegate.h */,
				16A3FDD81C3268B400CCA0ED /* Bubble.h */,
				16A3FDD91C3268B400CCA0ED /* Bubble.m */,
				16A3FDA91C3263D300CCA0ED /* AppDelegate.m */,
				16A3FDAB1C3263D300CCA0ED /* ViewController.h */,
				16A3FDAC1C3263D300CCA0ED /* ViewController.m */,
				16A3FDAE1C3263D300CCA0ED /* Main.storyboard */,
				16A3FDB11C3263D300CCA0ED /* Assets.xcassets */,
				16A3FDB31C3263D300CCA0ED /* LaunchScreen.storyboard */,
				16A3FDB61C3263D300CCA0ED /* Info.plist */,
				16A3FDA51C3263D300CCA0ED /* Supporting Files */,
			);
			path = happybubble;
			sourceTree = "<group>";
		};
		16A3FDA51C3263D300CCA0ED /* Supporting Files */ = {
			isa = PBXGroup;
			children = (
				16A3FDA61C3263D300CCA0ED /* main.m */,
			);
			name = "Supporting Files";
			sourceTree = "<group>";
		};
		16A3FDBE1C3263D300CCA0ED /* happybubbleTests */ = {
			isa = PBXGroup;
			children = (
				16A3FDBF1C3263D300CCA0ED /* happybubbleTests.m */,
				16A3FDC11C3263D300CCA0ED /* Info.plist */,
			);
			path = happybubbleTests;
			sourceTree = "<group>";
		};
		16A3FDC91C3263D300CCA0ED /* happybubbleUITests */ = {
			isa = PBXGroup;
			children = (
				16A3FDCA1C3263D300CCA0ED /* happybubbleUITests.m */,
				16A3FDCC1C3263D300CCA0ED /* Info.plist */,
			);
			path = happybubbleUITests;
			sourceTree = "<group>";
		};
/* End PBXGroup section */

/* Begin PBXNativeTarget section */
		16A3FDA11C3263D300CCA0ED /* happybubble */ = {
			isa = PBXNativeTarget;
			buildConfigurationList = 16A3FDCF1C3263D300CCA0ED /* Build configuration list for PBXNativeTarget "happybubble" */;
			buildPhases = (
				16A3FD9E1C3263D300CCA0ED /* Sources */,
				16A3FD9F1C3263D300CCA0ED /* Frameworks */,
				16A3FDA01C3263D300CCA0ED /* Resources */,
			);
			buildRules = (
			);
			dependencies = (
			);
			name = happybubble;
			productName = happybubble;
			productReference = 16A3FDA21C3263D300CCA0ED /* happybubble.app */;
			productType = "com.apple.product-type.application";
		};
		16A3FDBA1C3263D300CCA0ED /* happybubbleTests */ = {
			isa = PBXNativeTarget;
			buildConfigurationList = 16A3FDD21C3263D300CCA0ED /* Build configuration list for PBXNativeTarget "happybubbleTests" */;
			buildPhases = (
				16A3FDB71C3263D300CCA0ED /* Sources */,
				16A3FDB81C3263D300CCA0ED /* Frameworks */,
				16A3FDB91C3263D300CCA0ED /* Resources */,
			);
			buildRules = (
			);
			dependencies = (
				16A3FDBD1C3263D300CCA0ED /* PBXTargetDependency */,
			);
			name = happybubbleTests;
			productName = happybubbleTests;
			productReference = 16A3FDBB1C3263D300CCA0ED /* happybubbleTests.xctest */;
			productType = "com.apple.product-type.bundle.unit-test";
		};
		16A3FDC51C3263D300CCA0ED /* happybubbleUITests */ = {
			isa = PBXNativeTarget;
			buildConfigurationList = 16A3FDD51C3263D300CCA0ED /* Build configuration list for PBXNativeTarget "happybubbleUITests" */;
			buildPhases = (
				16A3FDC21C3263D300CCA0ED /* Sources */,
				16A3FDC31C3263D300CCA0ED /* Frameworks */,
				16A3FDC41C3263D300CCA0ED /* Resources */,
			);
			buildRules = (
			);
			dependencies = (
				16A3FDC81C3263D300CCA0ED /* PBXTargetDependency */,
			);
			name = happybubbleUITests;
			productName = happybubbleUITests;
			productReference = 16A3FDC61C3263D300CCA0ED /* happybubbleUITests.xctest */;
			productType = "com.apple.product-type.bundle.ui-testing";
		};
/* End PBXNativeTarget section */

/* Begin PBXProject section */
		16A3FD9A1C3263D300CCA0ED /* Project object */ = {
			isa = PBXProject;
			attributes = {
				LastUpgradeCheck = 0720;
				ORGANIZATIONNAME = Huatan;
				TargetAttributes = {
					16A3FDA11C3263D300CCA0ED = {
						CreatedOnToolsVersion = 7.2;
						DevelopmentTeam = BMF3J9Z4YF;
					};
					16A3FDBA1C3263D300CCA0ED = {
						CreatedOnToolsVersion = 7.2;
						TestTargetID = 16A3FDA11C3263D300CCA0ED;
					};
					16A3FDC51C3263D300CCA0ED = {
						CreatedOnToolsVersion = 7.2;
						TestTargetID = 16A3FDA11C3263D300CCA0ED;
					};
				};
			};
			buildConfigurationList = 16A3FD9D1C3263D300CCA0ED /* Build configuration list for PBXProject "happybubble" */;
			compatibilityVersion = "Xcode 3.2";
			developmentRegion = English;
			hasScannedForEncodings = 0;
			knownRegions = (
				en,
				Base,
			);
			mainGroup = 16A3FD991C3263D300CCA0ED;
			productRefGroup = 16A3FDA31C3263D300CCA0ED /* Products */;
			projectDirPath = "";
			projectRoot = "";
			targets = (
				16A3FDA11C3263D300CCA0ED /* happybubble */,
				16A3FDBA1C3263D300CCA0ED /* happybubbleTests */,
				16A3FDC51C3263D300CCA0ED /* happybubbleUITests */,
			);
		};
/* End PBXProject section */

/* Begin PBXResourcesBuildPhase section */
		16A3FDA01C3263D300CCA0ED /* Resources */ = {
			isa = PBXResourcesBuildPhase;
			buildActionMask = 2147483647;
			files = (
				16A3FDB51C3263D300CCA0ED /* LaunchScreen.storyboard in Resources */,
				16A3FDB21C3263D300CCA0ED /* Assets.xcassets in Resources */,
				16A3FDB01C3263D300CCA0ED /* Main.storyboard in Resources */,
			);
			runOnlyForDeploymentPostprocessing = 0;
		};
		16A3FDB91C3263D300CCA0ED /* Resources */ = {
			isa = PBXResourcesBuildPhase;
			buildActionMask = 2147483647;
			files = (
			);
			runOnlyForDeploymentPostprocessing = 0;
		};
		16A3FDC41C3263D300CCA0ED /* Resources */ = {
			isa = PBXResourcesBuildPhase;
			buildActionMask = 2147483647;
			files = (
			);
			runOnlyForDeploymentPostprocessing = 0;
		};
/* End PBXResourcesBuildPhase section */

/* Begin PBXSourcesBuildPhase section */
		16A3FD9E1C3263D300CCA0ED /* Sources */ = {
			isa = PBXSourcesBuildPhase;
			buildActionMask = 2147483647;
			files = (
				16A3FDAD1C3263D300CCA0ED /* ViewController.m in Sources */,
				16A3FDAA1C3263D300CCA0ED /* AppDelegate.m in Sources */,
				16A3FDA71C3263D300CCA0ED /* main.m in Sources */,
				16A3FDDA1C3268B400CCA0ED /* Bubble.m in Sources */,
			);
			runOnlyForDeploymentPostprocessing = 0;
		};
		16A3FDB71C3263D300CCA0ED /* Sources */ = {
			isa = PBXSourcesBuildPhase;
			buildActionMask = 2147483647;
			files = (
				16A3FDC01C3263D300CCA0ED /* happybubbleTests.m in Sources */,
			);
			runOnlyForDeploymentPostprocessing = 0;
		};
		16A3FDC21C3263D300CCA0ED /* Sources */ = {
			isa = PBXSourcesBuildPhase;
			buildActionMask = 2147483647;
			files = (
				16A3FDCB1C3263D300CCA0ED /* happybubbleUITests.m in Sources */,
			);
			runOnlyForDeploymentPostprocessing = 0;
		};
/* End PBXSourcesBuildPhase section */

/* Begin PBXTargetDependency section */
		16A3FDBD1C3263D300CCA0ED /* PBXTargetDependency */ = {
			isa = PBXTargetDependency;
			target = 16A3FDA11C3263D300CCA0ED /* happybubble */;
			targetProxy = 16A3FDBC1C3263D300CCA0ED /* PBXContainerItemProxy */;
		};
		16A3FDC81C3263D300CCA0ED /* PBXTargetDependency */ = {
			isa = PBXTargetDependency;
			target = 16A3FDA11C3263D300CCA0ED /* happybubble */;
			targetProxy = 16A3FDC71C3263D300CCA0ED /* PBXContainerItemProxy */;
		};
/* End PBXTargetDependency section */

/* Begin PBXVariantGroup section */
		16A3FDAE1C3263D300CCA0ED /* Main.storyboard */ = {
			isa = PBXVariantGroup;
			children = (
				16A3FDAF1C3263D300CCA0ED /* Base */,
			);
			name = Main.storyboard;
			sourceTree = "<group>";
		};
		16A3FDB31C3263D300CCA0ED /* LaunchScreen.storyboard */ = {
			isa = PBXVariantGroup;
			children = (
				16A3FDB41C3263D300CCA0ED /* Base */,
			);
			name = LaunchScreen.storyboard;
			sourceTree = "<group>";
		};
/* End PBXVariantGroup section */

/* Begin XCBuildConfiguration section */
		16A3FDCD1C3263D300CCA0ED /* Debug */ = {
			isa = XCBuildConfiguration;
			buildSettings = {
				ALWAYS_SEARCH_USER_PATHS = NO;
				CLANG_CXX_LANGUAGE_STANDARD = "gnu++0x";
				CLANG_CXX_LIBRARY = "libc++";
				CLANG_ENABLE_MODULES = YES;
				CLANG_ENABLE_OBJC_ARC = YES;
				CLANG_WARN_BOOL_CONVERSION = YES;
				CLANG_WARN_CONSTANT_CONVERSION = YES;
				CLANG_WARN_DIRECT_OBJC_ISA_USAGE = YES_ERROR;
				CLANG_WARN_EMPTY_BODY = YES;
				CLANG_WARN_ENUM_CONVERSION = YES;
				CLANG_WARN_INT_CONVERSION = YES;
				CLANG_WARN_OBJC_ROOT_CLASS = YES_ERROR;
				CLANG_WARN_UNREACHABLE_CODE = YES;
				CLANG_WARN__DUPLICATE_METHOD_MATCH = YES;
				"CODE_SIGN_IDENTITY[sdk=iphoneos*]" = "iPhone Developer";
				COPY_PHASE_STRIP = NO;
				DEBUG_INFORMATION_FORMAT = dwarf;
				ENABLE_STRICT_OBJC_MSGSEND = YES;
				ENABLE_TESTABILITY = YES;
				GCC_C_LANGUAGE_STANDARD = gnu99;
				GCC_DYNAMIC_NO_PIC = NO;
				GCC_NO_COMMON_BLOCKS = YES;
				GCC_OPTIMIZATION_LEVEL = 0;
				GCC_PREPROCESSOR_DEFINITIONS = (
					"DEBUG=1",
					"$(inherited)",
				);
				GCC_WARN_64_TO_32_BIT_CONVERSION = YES;
				GCC_WARN_ABOUT_RETURN_TYPE = YES_ERROR;
				GCC_WARN_UNDECLARED_SELECTOR = YES;
				GCC_WARN_UNINITIALIZED_AUTOS = YES_AGGRESSIVE;
				GCC_WARN_UNUSED_FUNCTION = YES;
				GCC_WARN_UNUSED_VARIABLE = YES;
				IPHONEOS_DEPLOYMENT_TARGET = 9.2;
				MTL_ENABLE_DEBUG_INFO = YES;
				ONLY_ACTIVE_ARCH = YES;
				SDKROOT = iphoneos;
			};
			name = Debug;
		};
		16A3FDCE1C3263D300CCA0ED /* Release */ = {
			isa = XCBuildConfiguration;
			buildSettings = {
				ALWAYS_SEARCH_USER_PATHS = NO;
				CLANG_CXX_LANGUAGE_STANDARD = "gnu++0x";
				CLANG_CXX_LIBRARY = "libc++";
				CLANG_ENABLE_MODULES = YES;
				CLANG_ENABLE_OBJC_ARC = YES;
				CLANG_WARN_BOOL_CONVERSION = YES;
				CLANG_WARN_CONSTANT_CONVERSION = YES;
				CLANG_WARN_DIRECT_OBJC_ISA_USAGE = YES_ERROR;
				CLANG_WARN_EMPTY_BODY = YES;
				CLANG_WARN_ENUM_CONVERSION = YES;
				CLANG_WARN_INT_CONVERSION = YES;
				CLANG_WARN_OBJC_ROOT_CLASS = YES_ERROR;
				CLANG_WARN_UNREACHABLE_CODE = YES;
				CLANG_WARN__DUPLICATE_METHOD_MATCH = YES;
				"CODE_SIGN_IDENTITY[sdk=iphoneos*]" = "iPhone Developer";
				COPY_PHASE_STRIP = NO;
				DEBUG_INFORMATION_FORMAT = "dwarf-with-dsym";
				ENABLE_NS_ASSERTIONS = NO;
				ENABLE_STRICT_OBJC_MSGSEND = YES;
				GCC_C_LANGUAGE_STANDARD = gnu99;
				GCC_NO_COMMON_BLOCKS = YES;
				GCC_WARN_64_TO_32_BIT_CONVERSION = YES;
				GCC_WARN_ABOUT_RETURN_TYPE = YES_ERROR;
				GCC_WARN_UNDECLARED_SELECTOR = YES;
				GCC_WARN_UNINITIALIZED_AUTOS = YES_AGGRESSIVE;
				GCC_WARN_UNUSED_FUNCTION = YES;
				GCC_WARN_UNUSED_VARIABLE = YES;
				IPHONEOS_DEPLOYMENT_TARGET = 9.2;
				MTL_ENABLE_DEBUG_INFO = NO;
				SDKROOT = iphoneos;
				VALIDATE_PRODUCT = YES;
			};
			name = Release;
		};
		16A3FDD01C3263D300CCA0ED /* Debug */ = {
			isa = XCBuildConfiguration;
			buildSettings = {
				ASSETCATALOG_COMPILER_APPICON_NAME = AppIcon;
				CODE_SIGN_IDENTITY = "iPhone Developer";
				INFOPLIST_FILE = happybubble/Info.plist;
				IPHONEOS_DEPLOYMENT_TARGET = 7.0;
				LD_RUNPATH_SEARCH_PATHS = "$(inherited) @executable_path/Frameworks";
				PRODUCT_BUNDLE_IDENTIFIER = com.huatan.happybubble;
				PRODUCT_NAME = "$(TARGET_NAME)";
			};
			name = Debug;
		};
		16A3FDD11C3263D300CCA0ED /* Release */ = {
			isa = XCBuildConfiguration;
			buildSettings = {
				ASSETCATALOG_COMPILER_APPICON_NAME = AppIcon;
				CODE_SIGN_IDENTITY = "iPhone Developer";
				INFOPLIST_FILE = happybubble/Info.plist;
				IPHONEOS_DEPLOYMENT_TARGET = 7.0;
				LD_RUNPATH_SEARCH_PATHS = "$(inherited) @executable_path/Frameworks";
				PRODUCT_BUNDLE_IDENTIFIER = com.huatan.happybubble;
				PRODUCT_NAME = "$(TARGET_NAME)";
			};
			name = Release;
		};
		16A3FDD31C3263D300CCA0ED /* Debug */ = {
			isa = XCBuildConfiguration;
			buildSettings = {
				BUNDLE_LOADER = "$(TEST_HOST)";
				INFOPLIST_FILE = happybubbleTests/Info.plist;
				LD_RUNPATH_SEARCH_PATHS = "$(inherited) @executable_path/Frameworks @loader_path/Frameworks";
				PRODUCT_BUNDLE_IDENTIFIER = com.huatan.happybubbleTests;
				PRODUCT_NAME = "$(TARGET_NAME)";
				TEST_HOST = "$(BUILT_PRODUCTS_DIR)/happybubble.app/happybubble";
			};
			name = Debug;
		};
		16A3FDD41C3263D300CCA0ED /* Release */ = {
			isa = XCBuildConfiguration;
			buildSettings = {
				BUNDLE_LOADER = "$(TEST_HOST)";
				INFOPLIST_FILE = happybubbleTests/Info.plist;
				LD_RUNPATH_SEARCH_PATHS = "$(inherited) @executable_path/Frameworks @loader_path/Frameworks";
				PRODUCT_BUNDLE_IDENTIFIER = com.huatan.happybubbleTests;
				PRODUCT_NAME = "$(TARGET_NAME)";
				TEST_HOST = "$(BUILT_PRODUCTS_DIR)/happybubble.app/happybubble";
			};
			name = Release;
		};
		16A3FDD61C3263D300CCA0ED /* Debug */ = {
			isa = XCBuildConfiguration;
			buildSettings = {
				INFOPLIST_FILE = happybubbleUITests/Info.plist;
				LD_RUNPATH_SEARCH_PATHS = "$(inherited) @executable_path/Frameworks @loader_path/Frameworks";
				PRODUCT_BUNDLE_IDENTIFIER = com.huatan.happybubbleUITests;
				PRODUCT_NAME = "$(TARGET_NAME)";
				TEST_TARGET_NAME = happybubble;
				USES_XCTRUNNER = YES;
			};
			name = Debug;
		};
		16A3FDD71C3263D300CCA0ED /* Release */ = {
			isa = XCBuildConfiguration;
			buildSettings = {
				INFOPLIST_FILE = happybubbleUITests/Info.plist;
				LD_RUNPATH_SEARCH_PATHS = "$(inherited) @executable_path/Frameworks @loader_path/Frameworks";
				PRODUCT_BUNDLE_IDENTIFIER = com.huatan.happybubbleUITests;
				PRODUCT_NAME = "$(TARGET_NAME)";
				TEST_TARGET_NAME = happybubble;
				USES_XCTRUNNER = YES;
			};
			name = Release;
		};
/* End XCBuildConfiguration section */

/* Begin XCConfigurationList section */
		16A3FD9D1C3263D300CCA0ED /* Build configuration list for PBXProject "happybubble" */ = {
			isa = XCConfigurationList;
			buildConfigurations = (
				16A3FDCD1C3263D300CCA0ED /* Debug */,
				16A3FDCE1C3263D300CCA0ED /* Release */,
			);
			defaultConfigurationIsVisible = 0;
			defaultConfigurationName = Release;
		};
		16A3FDCF1C3263D300CCA0ED /* Build configuration list for PBXNativeTarget "happybubble" */ = {
			isa = XCConfigurationList;
			buildConfigurations = (
				16A3FDD01C3263D300CCA0ED /* Debug */,
				16A3FDD11C3263D300CCA0ED /* Release */,
			);
			defaultConfigurationIsVisible = 0;
		};
		16A3FDD21C3263D300CCA0ED /* Build configuration list for PBXNativeTarget "happybubbleTests" */ = {
			isa = XCConfigurationList;
			buildConfigurations = (
				16A3FDD31C3263D300CCA0ED /* Debug */,
				16A3FDD41C3263D300CCA0ED /* Release */,
			);
			defaultConfigurationIsVisible = 0;
		};
		16A3FDD51C3263D300CCA0ED /* Build configuration list for PBXNativeTarget "happybubbleUITests" */ = {
			isa = XCConfigurationList;
			buildConfigurations = (
				16A3FDD61C3263D300CCA0ED /* Debug */,
				16A3FDD71C3263D300CCA0ED /* Release */,
			);
			defaultConfigurationIsVisible = 0;
		};
/* End XCConfigurationList section */
	};
	rootObject = 16A3FD9A1C3263D300CCA0ED /* Project object */;
}
